
Microsoft Visual Studio Solution File, Format Version 12.00
# Visual Studio 2013
VisualStudioVersion = 12.0.30501.0
MinimumVisualStudioVersion = 10.0.40219.1
Project("{FAE04EC0-301F-11D3-BF4B-00C04F79EFBC}") = "PSNWebMVCApp", "PSNWebMVCApp\PSNWebMVCApp.csproj", "{09BA5488-143E-45D1-9F67-96AA45AA3921}"
EndProject
Project("{9092AA53-FB77-4645-B42D-1CCCA6BD08BD}") = "PSNNodeJS", "PSNNodeJSService\PSNNodeJS.njsproj", "{2C2852DF-9D37-45D9-8493-96B95C1B909C}"
EndProject
Global
	GlobalSection(SolutionConfigurationPlatforms) = preSolution
		Debug|Any CPU = Debug|Any CPU
		Release|Any CPU = Release|Any CPU
	EndGlobalSection
	GlobalSection(ProjectConfigurationPlatforms) = postSolution
		{09BA5488-143E-45D1-9F67-96AA45AA3921}.Debug|Any CPU.ActiveCfg = Debug|Any CPU
		{09BA5488-143E-45D1-9F67-96AA45AA3921}.Debug|Any CPU.Build.0 = Debug|Any CPU
		{09BA5488-143E-45D1-9F67-96AA45AA3921}.Release|Any CPU.ActiveCfg = Release|Any CPU
		{09BA5488-143E-45D1-9F67-96AA45AA3921}.Release|Any CPU.Build.0 = Release|Any CPU
		{2C2852DF-9D37-45D9-8493-96B95C1B909C}.Debug|Any CPU.ActiveCfg = Debug|Any CPU
		{2C2852DF-9D37-45D9-8493-96B95C1B909C}.Debug|Any CPU.Build.0 = Debug|Any CPU
		{2C2852DF-9D37-45D9-8493-96B95C1B909C}.Release|Any CPU.ActiveCfg = Release|Any CPU
		{2C2852DF-9D37-45D9-8493-96B95C1B909C}.Release|Any CPU.Build.0 = Release|Any CPU
	EndGlobalSection
	GlobalSection(SolutionProperties) = preSolution
		HideSolutionNode = FALSE
	EndGlobalSection
EndGlobal
